
Microsoft Visual Studio Solution File, Format Version 12.00
# Visual Studio Version 17
VisualStudioVersion = 17.3.32929.385
MinimumVisualStudioVersion = 10.0.40219.1
Project("{FAE04EC0-301F-11D3-BF4B-00C04F79EFBC}") = "MVC tarea", "MVC tarea.csproj", "{0AE4D128-F6E8-44FE-9919-A0FCA66E9BD4}"
EndProject
Global
	GlobalSection(SolutionConfigurationPlatforms) = preSolution
		Debug|Any CPU = Debug|Any CPU
		Release|Any CPU = Release|Any CPU
	EndGlobalSection
	GlobalSection(ProjectConfigurationPlatforms) = postSolution
		{0AE4D128-F6E8-44FE-9919-A0FCA66E9BD4}.Debug|Any CPU.ActiveCfg = Debug|Any CPU
		{0AE4D128-F6E8-44FE-9919-A0FCA66E9BD4}.Debug|Any CPU.Build.0 = Debug|Any CPU
		{0AE4D128-F6E8-44FE-9919-A0FCA66E9BD4}.Release|Any CPU.ActiveCfg = Release|Any CPU
		{0AE4D128-F6E8-44FE-9919-A0FCA66E9BD4}.Release|Any CPU.Build.0 = Release|Any CPU
	EndGlobalSection
	GlobalSection(SolutionProperties) = preSolution
		HideSolutionNode = FALSE
	EndGlobalSection
	GlobalSection(ExtensibilityGlobals) = postSolution
		SolutionGuid = {A4F50DF0-AE6E-486B-878C-A2A22743D5F1}
	EndGlobalSection
EndGlobal
